
Microsoft Visual Studio Solution File, Format Version 12.00
# Visual Studio Version 17
VisualStudioVersion = 17.6.33829.357
MinimumVisualStudioVersion = 10.0.40219.1
Project("{9A19103F-16F7-4668-BE54-9A1E7A4F7556}") = "cassiopeia-be", "cassiopeia-be\cassiopeia-be.csproj", "{8F351C45-21C0-4300-89E3-A52E680DBD81}"
EndProject
Project("{FAE04EC0-301F-11D3-BF4B-00C04F79EFBC}") = "cassiopeia-be.Business", "cassiopeia-be.Business\cassiopeia-be.Business.csproj", "{B2D2CEBF-C1B1-4704-B1D9-4EFF85148AC8}"
EndProject
Project("{FAE04EC0-301F-11D3-BF4B-00C04F79EFBC}") = "cassiopeia-be.Data", "cassiopeia-be.Data\cassiopeia-be.Data.csproj", "{DC001C4F-4DA6-4471-8AF8-E22769595FED}"
EndProject
Global
	GlobalSection(SolutionConfigurationPlatforms) = preSolution
		Debug|Any CPU = Debug|Any CPU
		Release|Any CPU = Release|Any CPU
	EndGlobalSection
	GlobalSection(ProjectConfigurationPlatforms) = postSolution
		{8F351C45-21C0-4300-89E3-A52E680DBD81}.Debug|Any CPU.ActiveCfg = Debug|Any CPU
		{8F351C45-21C0-4300-89E3-A52E680DBD81}.Debug|Any CPU.Build.0 = Debug|Any CPU
		{8F351C45-21C0-4300-89E3-A52E680DBD81}.Release|Any CPU.ActiveCfg = Release|Any CPU
		{8F351C45-21C0-4300-89E3-A52E680DBD81}.Release|Any CPU.Build.0 = Release|Any CPU
		{B2D2CEBF-C1B1-4704-B1D9-4EFF85148AC8}.Debug|Any CPU.ActiveCfg = Debug|Any CPU
		{B2D2CEBF-C1B1-4704-B1D9-4EFF85148AC8}.Debug|Any CPU.Build.0 = Debug|Any CPU
		{B2D2CEBF-C1B1-4704-B1D9-4EFF85148AC8}.Release|Any CPU.ActiveCfg = Release|Any CPU
		{B2D2CEBF-C1B1-4704-B1D9-4EFF85148AC8}.Release|Any CPU.Build.0 = Release|Any CPU
		{DC001C4F-4DA6-4471-8AF8-E22769595FED}.Debug|Any CPU.ActiveCfg = Debug|Any CPU
		{DC001C4F-4DA6-4471-8AF8-E22769595FED}.Debug|Any CPU.Build.0 = Debug|Any CPU
		{DC001C4F-4DA6-4471-8AF8-E22769595FED}.Release|Any CPU.ActiveCfg = Release|Any CPU
		{DC001C4F-4DA6-4471-8AF8-E22769595FED}.Release|Any CPU.Build.0 = Release|Any CPU
	EndGlobalSection
	GlobalSection(SolutionProperties) = preSolution
		HideSolutionNode = FALSE
	EndGlobalSection
	GlobalSection(ExtensibilityGlobals) = postSolution
		SolutionGuid = {744B350A-A8BE-4010-BF5A-1D35D8097DC6}
	EndGlobalSection
EndGlobal
