
Microsoft Visual Studio Solution File, Format Version 12.00
# Visual Studio Version 16
VisualStudioVersion = 25.0.1706.3
MinimumVisualStudioVersion = 10.0.40219.1
Project("{FAE04EC0-301F-11D3-BF4B-00C04F79EFBC}") = "cassiopeia-be", "cassiopeia-be\cassiopeia-be.csproj", "{8F351C45-21C0-4300-89E3-A52E680DBD81}"
EndProject
Global
	GlobalSection(SolutionConfigurationPlatforms) = preSolution
		Debug|Any CPU = Debug|Any CPU
		Release|Any CPU = Release|Any CPU
	EndGlobalSection
	GlobalSection(ProjectConfigurationPlatforms) = postSolution
		{8F351C45-21C0-4300-89E3-A52E680DBD81}.Debug|Any CPU.ActiveCfg = Debug|Any CPU
		{8F351C45-21C0-4300-89E3-A52E680DBD81}.Debug|Any CPU.Build.0 = Debug|Any CPU
		{8F351C45-21C0-4300-89E3-A52E680DBD81}.Release|Any CPU.ActiveCfg = Release|Any CPU
		{8F351C45-21C0-4300-89E3-A52E680DBD81}.Release|Any CPU.Build.0 = Release|Any CPU
	EndGlobalSection
	GlobalSection(SolutionProperties) = preSolution
		HideSolutionNode = FALSE
	EndGlobalSection
	GlobalSection(ExtensibilityGlobals) = postSolution
		SolutionGuid = {744B350A-A8BE-4010-BF5A-1D35D8097DC6}
	EndGlobalSection
EndGlobal
